
Microsoft Visual Studio Solution File, Format Version 12.00
# Visual Studio Version 17
VisualStudioVersion = 17.0.31903.59
MinimumVisualStudioVersion = 10.0.40219.1
Project("{2150E333-8FDC-42A3-9474-1A3956D46DE8}") = "src", "src", "{827E0CD3-B72D-47B6-A68D-7590B98EB39B}"
EndProject
Project("{FAE04EC0-301F-11D3-BF4B-00C04F79EFBC}") = "RelayCove.Client", "src\RelayCove.Client\RelayCove.Client.csproj", "{7B8F03BD-5755-4DB5-A73B-43766363F40A}"
EndProject
Project("{FAE04EC0-301F-11D3-BF4B-00C04F79EFBC}") = "RelayCove.Server", "src\RelayCove.Server\RelayCove.Server.csproj", "{7F1EAB71-A204-4A1E-8727-237A3F7B3627}"
EndProject
Project("{FAE04EC0-301F-11D3-BF4B-00C04F79EFBC}") = "RelayCove.Shared", "src\RelayCove.Shared\RelayCove.Shared.csproj", "{015A5268-9692-4963-BABE-2D8F6F4326C6}"
EndProject
Project("{FAE04EC0-301F-11D3-BF4B-00C04F79EFBC}") = "RelayCove.Updater", "src\RelayCove.Updater\RelayCove.Updater.csproj", "{041C4D5E-52E0-4691-9B70-8C0D8F417763}"
EndProject
Project("{2150E333-8FDC-42A3-9474-1A3956D46DE8}") = "tests", "tests", "{0AB3BF05-4346-4AA6-1389-037BE0695223}"
EndProject
Project("{FAE04EC0-301F-11D3-BF4B-00C04F79EFBC}") = "RelayCove.Client.Tests", "tests\RelayCove.Client.Tests\RelayCove.Client.Tests.csproj", "{B925F12F-B3F4-4415-B190-F558D841CC67}"
EndProject
Project("{FAE04EC0-301F-11D3-BF4B-00C04F79EFBC}") = "RelayCove.Server.Tests", "tests\RelayCove.Server.Tests\RelayCove.Server.Tests.csproj", "{88E21FB6-B1F8-4666-AC66-321906D9A0F7}"
EndProject
Project("{FAE04EC0-301F-11D3-BF4B-00C04F79EFBC}") = "RelayCove.Shared.Tests", "tests\RelayCove.Shared.Tests\RelayCove.Shared.Tests.csproj", "{31F194F8-A326-4359-94AD-4934F4CAFE71}"
EndProject
Project("{FAE04EC0-301F-11D3-BF4B-00C04F79EFBC}") = "RelayCove.Updater.Tests", "tests\RelayCove.Updater.Tests\RelayCove.Updater.Tests.csproj", "{2CB56FA9-2153-483A-9B74-FB2C31E22CE6}"
EndProject
Global
	GlobalSection(SolutionConfigurationPlatforms) = preSolution
		Debug|Any CPU = Debug|Any CPU
		Debug|x64 = Debug|x64
		Debug|x86 = Debug|x86
		Release|Any CPU = Release|Any CPU
		Release|x64 = Release|x64
		Release|x86 = Release|x86
	EndGlobalSection
	GlobalSection(ProjectConfigurationPlatforms) = postSolution
		{7B8F03BD-5755-4DB5-A73B-43766363F40A}.Debug|Any CPU.ActiveCfg = Debug|Any CPU
		{7B8F03BD-5755-4DB5-A73B-43766363F40A}.Debug|Any CPU.Build.0 = Debug|Any CPU
		{7B8F03BD-5755-4DB5-A73B-43766363F40A}.Debug|x64.ActiveCfg = Debug|Any CPU
		{7B8F03BD-5755-4DB5-A73B-43766363F40A}.Debug|x64.Build.0 = Debug|Any CPU
		{7B8F03BD-5755-4DB5-A73B-43766363F40A}.Debug|x86.ActiveCfg = Debug|Any CPU
		{7B8F03BD-5755-4DB5-A73B-43766363F40A}.Debug|x86.Build.0 = Debug|Any CPU
		{7B8F03BD-5755-4DB5-A73B-43766363F40A}.Release|Any CPU.ActiveCfg = Release|Any CPU
		{7B8F03BD-5755-4DB5-A73B-43766363F40A}.Release|Any CPU.Build.0 = Release|Any CPU
		{7B8F03BD-5755-4DB5-A73B-43766363F40A}.Release|x64.ActiveCfg = Release|Any CPU
		{7B8F03BD-5755-4DB5-A73B-43766363F40A}.Release|x64.Build.0 = Release|Any CPU
		{7B8F03BD-5755-4DB5-A73B-43766363F40A}.Release|x86.ActiveCfg = Release|Any CPU
		{7B8F03BD-5755-4DB5-A73B-43766363F40A}.Release|x86.Build.0 = Release|Any CPU
		{7F1EAB71-A204-4A1E-8727-237A3F7B3627}.Debug|Any CPU.ActiveCfg = Debug|Any CPU
		{7F1EAB71-A204-4A1E-8727-237A3F7B3627}.Debug|Any CPU.Build.0 = Debug|Any CPU
		{7F1EAB71-A204-4A1E-8727-237A3F7B3627}.Debug|x64.ActiveCfg = Debug|Any CPU
		{7F1EAB71-A204-4A1E-8727-237A3F7B3627}.Debug|x64.Build.0 = Debug|Any CPU
		{7F1EAB71-A204-4A1E-8727-237A3F7B3627}.Debug|x86.ActiveCfg = Debug|Any CPU
		{7F1EAB71-A204-4A1E-8727-237A3F7B3627}.Debug|x86.Build.0 = Debug|Any CPU
		{7F1EAB71-A204-4A1E-8727-237A3F7B3627}.Release|Any CPU.ActiveCfg = Release|Any CPU
		{7F1EAB71-A204-4A1E-8727-237A3F7B3627}.Release|Any CPU.Build.0 = Release|Any CPU
		{7F1EAB71-A204-4A1E-8727-237A3F7B3627}.Release|x64.ActiveCfg = Release|Any CPU
		{7F1EAB71-A204-4A1E-8727-237A3F7B3627}.Release|x64.Build.0 = Release|Any CPU
		{7F1EAB71-A204-4A1E-8727-237A3F7B3627}.Release|x86.ActiveCfg = Release|Any CPU
		{7F1EAB71-A204-4A1E-8727-237A3F7B3627}.Release|x86.Build.0 = Release|Any CPU
		{015A5268-9692-4963-BABE-2D8F6F4326C6}.Debug|Any CPU.ActiveCfg = Debug|Any CPU
		{015A5268-9692-4963-BABE-2D8F6F4326C6}.Debug|Any CPU.Build.0 = Debug|Any CPU
		{015A5268-9692-4963-BABE-2D8F6F4326C6}.Debug|x64.ActiveCfg = Debug|Any CPU
		{015A5268-9692-4963-BABE-2D8F6F4326C6}.Debug|x64.Build.0 = Debug|Any CPU
		{015A5268-9692-4963-BABE-2D8F6F4326C6}.Debug|x86.ActiveCfg = Debug|Any CPU
		{015A5268-9692-4963-BABE-2D8F6F4326C6}.Debug|x86.Build.0 = Debug|Any CPU
		{015A5268-9692-4963-BABE-2D8F6F4326C6}.Release|Any CPU.ActiveCfg = Release|Any CPU
		{015A5268-9692-4963-BABE-2D8F6F4326C6}.Release|Any CPU.Build.0 = Release|Any CPU
		{015A5268-9692-4963-BABE-2D8F6F4326C6}.Release|x64.ActiveCfg = Release|Any CPU
		{015A5268-9692-4963-BABE-2D8F6F4326C6}.Release|x64.Build.0 = Release|Any CPU
		{015A5268-9692-4963-BABE-2D8F6F4326C6}.Release|x86.ActiveCfg = Release|Any CPU
		{015A5268-9692-4963-BABE-2D8F6F4326C6}.Release|x86.Build.0 = Release|Any CPU
		{041C4D5E-52E0-4691-9B70-8C0D8F417763}.Debug|Any CPU.ActiveCfg = Debug|Any CPU
		{041C4D5E-52E0-4691-9B70-8C0D8F417763}.Debug|Any CPU.Build.0 = Debug|Any CPU
		{041C4D5E-52E0-4691-9B70-8C0D8F417763}.Debug|x64.ActiveCfg = Debug|Any CPU
		{041C4D5E-52E0-4691-9B70-8C0D8F417763}.Debug|x64.Build.0 = Debug|Any CPU
		{041C4D5E-52E0-4691-9B70-8C0D8F417763}.Debug|x86.ActiveCfg = Debug|Any CPU
		{041C4D5E-52E0-4691-9B70-8C0D8F417763}.Debug|x86.Build.0 = Debug|Any CPU
		{041C4D5E-52E0-4691-9B70-8C0D8F417763}.Release|Any CPU.ActiveCfg = Release|Any CPU
		{041C4D5E-52E0-4691-9B70-8C0D8F417763}.Release|Any CPU.Build.0 = Release|Any CPU
		{041C4D5E-52E0-4691-9B70-8C0D8F417763}.Release|x64.ActiveCfg = Release|Any CPU
		{041C4D5E-52E0-4691-9B70-8C0D8F417763}.Release|x64.Build.0 = Release|Any CPU
		{041C4D5E-52E0-4691-9B70-8C0D8F417763}.Release|x86.ActiveCfg = Release|Any CPU
		{041C4D5E-52E0-4691-9B70-8C0D8F417763}.Release|x86.Build.0 = Release|Any CPU
		{B925F12F-B3F4-4415-B190-F558D841CC67}.Debug|Any CPU.ActiveCfg = Debug|Any CPU
		{B925F12F-B3F4-4415-B190-F558D841CC67}.Debug|Any CPU.Build.0 = Debug|Any CPU
		{B925F12F-B3F4-4415-B190-F558D841CC67}.Debug|x64.ActiveCfg = Debug|Any CPU
		{B925F12F-B3F4-4415-B190-F558D841CC67}.Debug|x64.Build.0 = Debug|Any CPU
		{B925F12F-B3F4-4415-B190-F558D841CC67}.Debug|x86.ActiveCfg = Debug|Any CPU
		{B925F12F-B3F4-4415-B190-F558D841CC67}.Debug|x86.Build.0 = Debug|Any CPU
		{B925F12F-B3F4-4415-B190-F558D841CC67}.Release|Any CPU.ActiveCfg = Release|Any CPU
		{B925F12F-B3F4-4415-B190-F558D841CC67}.Release|Any CPU.Build.0 = Release|Any CPU
		{B925F12F-B3F4-4415-B190-F558D841CC67}.Release|x64.ActiveCfg = Release|Any CPU
		{B925F12F-B3F4-4415-B190-F558D841CC67}.Release|x64.Build.0 = Release|Any CPU
		{B925F12F-B3F4-4415-B190-F558D841CC67}.Release|x86.ActiveCfg = Release|Any CPU
		{B925F12F-B3F4-4415-B190-F558D841CC67}.Release|x86.Build.0 = Release|Any CPU
		{88E21FB6-B1F8-4666-AC66-321906D9A0F7}.Debug|Any CPU.ActiveCfg = Debug|Any CPU
		{88E21FB6-B1F8-4666-AC66-321906D9A0F7}.Debug|Any CPU.Build.0 = Debug|Any CPU
		{88E21FB6-B1F8-4666-AC66-321906D9A0F7}.Debug|x64.ActiveCfg = Debug|Any CPU
		{88E21FB6-B1F8-4666-AC66-321906D9A0F7}.Debug|x64.Build.0 = Debug|Any CPU
		{88E21FB6-B1F8-4666-AC66-321906D9A0F7}.Debug|x86.ActiveCfg = Debug|Any CPU
		{88E21FB6-B1F8-4666-AC66-321906D9A0F7}.Debug|x86.Build.0 = Debug|Any CPU
		{88E21FB6-B1F8-4666-AC66-321906D9A0F7}.Release|Any CPU.ActiveCfg = Release|Any CPU
		{88E21FB6-B1F8-4666-AC66-321906D9A0F7}.Release|Any CPU.Build.0 = Release|Any CPU
		{88E21FB6-B1F8-4666-AC66-321906D9A0F7}.Release|x64.ActiveCfg = Release|Any CPU
		{88E21FB6-B1F8-4666-AC66-321906D9A0F7}.Release|x64.Build.0 = Release|Any CPU
		{88E21FB6-B1F8-4666-AC66-321906D9A0F7}.Release|x86.ActiveCfg = Release|Any CPU
		{88E21FB6-B1F8-4666-AC66-321906D9A0F7}.Release|x86.Build.0 = Release|Any CPU
		{31F194F8-A326-4359-94AD-4934F4CAFE71}.Debug|Any CPU.ActiveCfg = Debug|Any CPU
		{31F194F8-A326-4359-94AD-4934F4CAFE71}.Debug|Any CPU.Build.0 = Debug|Any CPU
		{31F194F8-A326-4359-94AD-4934F4CAFE71}.Debug|x64.ActiveCfg = Debug|Any CPU
		{31F194F8-A326-4359-94AD-4934F4CAFE71}.Debug|x64.Build.0 = Debug|Any CPU
		{31F194F8-A326-4359-94AD-4934F4CAFE71}.Debug|x86.ActiveCfg = Debug|Any CPU
		{31F194F8-A326-4359-94AD-4934F4CAFE71}.Debug|x86.Build.0 = Debug|Any CPU
		{31F194F8-A326-4359-94AD-4934F4CAFE71}.Release|Any CPU.ActiveCfg = Release|Any CPU
		{31F194F8-A326-4359-94AD-4934F4CAFE71}.Release|Any CPU.Build.0 = Release|Any CPU
		{31F194F8-A326-4359-94AD-4934F4CAFE71}.Release|x64.ActiveCfg = Release|Any CPU
		{31F194F8-A326-4359-94AD-4934F4CAFE71}.Release|x64.Build.0 = Release|Any CPU
		{31F194F8-A326-4359-94AD-4934F4CAFE71}.Release|x86.ActiveCfg = Release|Any CPU
		{31F194F8-A326-4359-94AD-4934F4CAFE71}.Release|x86.Build.0 = Release|Any CPU
		{2CB56FA9-2153-483A-9B74-FB2C31E22CE6}.Debug|Any CPU.ActiveCfg = Debug|Any CPU
		{2CB56FA9-2153-483A-9B74-FB2C31E22CE6}.Debug|Any CPU.Build.0 = Debug|Any CPU
		{2CB56FA9-2153-483A-9B74-FB2C31E22CE6}.Debug|x64.ActiveCfg = Debug|Any CPU
		{2CB56FA9-2153-483A-9B74-FB2C31E22CE6}.Debug|x64.Build.0 = Debug|Any CPU
		{2CB56FA9-2153-483A-9B74-FB2C31E22CE6}.Debug|x86.ActiveCfg = Debug|Any CPU
		{2CB56FA9-2153-483A-9B74-FB2C31E22CE6}.Debug|x86.Build.0 = Debug|Any CPU
		{2CB56FA9-2153-483A-9B74-FB2C31E22CE6}.Release|Any CPU.ActiveCfg = Release|Any CPU
		{2CB56FA9-2153-483A-9B74-FB2C31E22CE6}.Release|Any CPU.Build.0 = Release|Any CPU
		{2CB56FA9-2153-483A-9B74-FB2C31E22CE6}.Release|x64.ActiveCfg = Release|Any CPU
		{2CB56FA9-2153-483A-9B74-FB2C31E22CE6}.Release|x64.Build.0 = Release|Any CPU
		{2CB56FA9-2153-483A-9B74-FB2C31E22CE6}.Release|x86.ActiveCfg = Release|Any CPU
		{2CB56FA9-2153-483A-9B74-FB2C31E22CE6}.Release|x86.Build.0 = Release|Any CPU
	EndGlobalSection
	GlobalSection(SolutionProperties) = preSolution
		HideSolutionNode = FALSE
	EndGlobalSection
	GlobalSection(NestedProjects) = preSolution
		{7B8F03BD-5755-4DB5-A73B-43766363F40A} = {827E0CD3-B72D-47B6-A68D-7590B98EB39B}
		{7F1EAB71-A204-4A1E-8727-237A3F7B3627} = {827E0CD3-B72D-47B6-A68D-7590B98EB39B}
		{015A5268-9692-4963-BABE-2D8F6F4326C6} = {827E0CD3-B72D-47B6-A68D-7590B98EB39B}
		{041C4D5E-52E0-4691-9B70-8C0D8F417763} = {827E0CD3-B72D-47B6-A68D-7590B98EB39B}
		{B925F12F-B3F4-4415-B190-F558D841CC67} = {0AB3BF05-4346-4AA6-1389-037BE0695223}
		{88E21FB6-B1F8-4666-AC66-321906D9A0F7} = {0AB3BF05-4346-4AA6-1389-037BE0695223}
		{31F194F8-A326-4359-94AD-4934F4CAFE71} = {0AB3BF05-4346-4AA6-1389-037BE0695223}
		{2CB56FA9-2153-483A-9B74-FB2C31E22CE6} = {0AB3BF05-4346-4AA6-1389-037BE0695223}
	EndGlobalSection
EndGlobal
