
Microsoft Visual Studio Solution File, Format Version 12.00
# Visual Studio Version 17
VisualStudioVersion = 17.0.31903.59
MinimumVisualStudioVersion = 10.0.40219.1
Project("{2150E333-8FDC-42A3-9474-1A3956D46DE8}") = "src", "src", "{827E0CD3-B72D-47B6-A68D-7590B98EB39B}"
EndProject
Project("{FAE04EC0-301F-11D3-BF4B-00C04F79EFBC}") = "RelayCove.Core", "src\RelayCove.Core\RelayCove.Core.csproj", "{268DFB2C-4039-402B-86BE-C175E60DAF69}"
EndProject
Project("{FAE04EC0-301F-11D3-BF4B-00C04F79EFBC}") = "RelayCove.Zulip.Client", "src\RelayCove.Zulip.Client\RelayCove.Zulip.Client.csproj", "{804B1323-04B5-4AC4-ACE0-0A0CC6578E3C}"
EndProject
Project("{FAE04EC0-301F-11D3-BF4B-00C04F79EFBC}") = "RelayCove.Data", "src\RelayCove.Data\RelayCove.Data.csproj", "{9A63FB55-C943-4DD1-ABFE-DFEAEA85CCF1}"
EndProject
Project("{FAE04EC0-301F-11D3-BF4B-00C04F79EFBC}") = "RelayCove.App", "src\RelayCove.App\RelayCove.App.csproj", "{DA74B6F4-AFA7-47F2-B97D-E6A316F7FF13}"
EndProject
Project("{2150E333-8FDC-42A3-9474-1A3956D46DE8}") = "tests", "tests", "{0AB3BF05-4346-4AA6-1389-037BE0695223}"
EndProject
Project("{FAE04EC0-301F-11D3-BF4B-00C04F79EFBC}") = "RelayCove.Core.Tests", "tests\RelayCove.Core.Tests\RelayCove.Core.Tests.csproj", "{5F7A4950-506E-4482-81BD-8BFDA37A2969}"
EndProject
Project("{FAE04EC0-301F-11D3-BF4B-00C04F79EFBC}") = "RelayCove.Zulip.Client.Tests", "tests\RelayCove.Zulip.Client.Tests\RelayCove.Zulip.Client.Tests.csproj", "{5F853F2C-75B7-44B8-AF25-120665BB55EC}"
EndProject
Project("{FAE04EC0-301F-11D3-BF4B-00C04F79EFBC}") = "RelayCove.Data.Tests", "tests\RelayCove.Data.Tests\RelayCove.Data.Tests.csproj", "{22F18DF1-D246-4568-9164-60948DBFD098}"
EndProject
Project("{FAE04EC0-301F-11D3-BF4B-00C04F79EFBC}") = "RelayCove.App.Tests", "tests\RelayCove.App.Tests\RelayCove.App.Tests.csproj", "{9C42D265-78D8-41A7-8DB8-F3A4E349E409}"
EndProject
Project("{FAE04EC0-301F-11D3-BF4B-00C04F79EFBC}") = "RelayCove.Zulip.LiveTests", "tests\RelayCove.Zulip.LiveTests\RelayCove.Zulip.LiveTests.csproj", "{6EF1BE2F-B269-40EA-A53E-397A22FBB66A}"
EndProject
Global
	GlobalSection(SolutionConfigurationPlatforms) = preSolution
		Debug|Any CPU = Debug|Any CPU
		Debug|x64 = Debug|x64
		Debug|x86 = Debug|x86
		Release|Any CPU = Release|Any CPU
		Release|x64 = Release|x64
		Release|x86 = Release|x86
	EndGlobalSection
	GlobalSection(ProjectConfigurationPlatforms) = postSolution
		{268DFB2C-4039-402B-86BE-C175E60DAF69}.Debug|Any CPU.ActiveCfg = Debug|Any CPU
		{268DFB2C-4039-402B-86BE-C175E60DAF69}.Debug|Any CPU.Build.0 = Debug|Any CPU
		{268DFB2C-4039-402B-86BE-C175E60DAF69}.Debug|x64.ActiveCfg = Debug|Any CPU
		{268DFB2C-4039-402B-86BE-C175E60DAF69}.Debug|x64.Build.0 = Debug|Any CPU
		{268DFB2C-4039-402B-86BE-C175E60DAF69}.Debug|x86.ActiveCfg = Debug|Any CPU
		{268DFB2C-4039-402B-86BE-C175E60DAF69}.Debug|x86.Build.0 = Debug|Any CPU
		{268DFB2C-4039-402B-86BE-C175E60DAF69}.Release|Any CPU.ActiveCfg = Release|Any CPU
		{268DFB2C-4039-402B-86BE-C175E60DAF69}.Release|Any CPU.Build.0 = Release|Any CPU
		{268DFB2C-4039-402B-86BE-C175E60DAF69}.Release|x64.ActiveCfg = Release|Any CPU
		{268DFB2C-4039-402B-86BE-C175E60DAF69}.Release|x64.Build.0 = Release|Any CPU
		{268DFB2C-4039-402B-86BE-C175E60DAF69}.Release|x86.ActiveCfg = Release|Any CPU
		{268DFB2C-4039-402B-86BE-C175E60DAF69}.Release|x86.Build.0 = Release|Any CPU
		{804B1323-04B5-4AC4-ACE0-0A0CC6578E3C}.Debug|Any CPU.ActiveCfg = Debug|Any CPU
		{804B1323-04B5-4AC4-ACE0-0A0CC6578E3C}.Debug|Any CPU.Build.0 = Debug|Any CPU
		{804B1323-04B5-4AC4-ACE0-0A0CC6578E3C}.Debug|x64.ActiveCfg = Debug|Any CPU
		{804B1323-04B5-4AC4-ACE0-0A0CC6578E3C}.Debug|x64.Build.0 = Debug|Any CPU
		{804B1323-04B5-4AC4-ACE0-0A0CC6578E3C}.Debug|x86.ActiveCfg = Debug|Any CPU
		{804B1323-04B5-4AC4-ACE0-0A0CC6578E3C}.Debug|x86.Build.0 = Debug|Any CPU
		{804B1323-04B5-4AC4-ACE0-0A0CC6578E3C}.Release|Any CPU.ActiveCfg = Release|Any CPU
		{804B1323-04B5-4AC4-ACE0-0A0CC6578E3C}.Release|Any CPU.Build.0 = Release|Any CPU
		{804B1323-04B5-4AC4-ACE0-0A0CC6578E3C}.Release|x64.ActiveCfg = Release|Any CPU
		{804B1323-04B5-4AC4-ACE0-0A0CC6578E3C}.Release|x64.Build.0 = Release|Any CPU
		{804B1323-04B5-4AC4-ACE0-0A0CC6578E3C}.Release|x86.ActiveCfg = Release|Any CPU
		{804B1323-04B5-4AC4-ACE0-0A0CC6578E3C}.Release|x86.Build.0 = Release|Any CPU
		{9A63FB55-C943-4DD1-ABFE-DFEAEA85CCF1}.Debug|Any CPU.ActiveCfg = Debug|Any CPU
		{9A63FB55-C943-4DD1-ABFE-DFEAEA85CCF1}.Debug|Any CPU.Build.0 = Debug|Any CPU
		{9A63FB55-C943-4DD1-ABFE-DFEAEA85CCF1}.Debug|x64.ActiveCfg = Debug|Any CPU
		{9A63FB55-C943-4DD1-ABFE-DFEAEA85CCF1}.Debug|x64.Build.0 = Debug|Any CPU
		{9A63FB55-C943-4DD1-ABFE-DFEAEA85CCF1}.Debug|x86.ActiveCfg = Debug|Any CPU
		{9A63FB55-C943-4DD1-ABFE-DFEAEA85CCF1}.Debug|x86.Build.0 = Debug|Any CPU
		{9A63FB55-C943-4DD1-ABFE-DFEAEA85CCF1}.Release|Any CPU.ActiveCfg = Release|Any CPU
		{9A63FB55-C943-4DD1-ABFE-DFEAEA85CCF1}.Release|Any CPU.Build.0 = Release|Any CPU
		{9A63FB55-C943-4DD1-ABFE-DFEAEA85CCF1}.Release|x64.ActiveCfg = Release|Any CPU
		{9A63FB55-C943-4DD1-ABFE-DFEAEA85CCF1}.Release|x64.Build.0 = Release|Any CPU
		{9A63FB55-C943-4DD1-ABFE-DFEAEA85CCF1}.Release|x86.ActiveCfg = Release|Any CPU
		{9A63FB55-C943-4DD1-ABFE-DFEAEA85CCF1}.Release|x86.Build.0 = Release|Any CPU
		{DA74B6F4-AFA7-47F2-B97D-E6A316F7FF13}.Debug|Any CPU.ActiveCfg = Debug|Any CPU
		{DA74B6F4-AFA7-47F2-B97D-E6A316F7FF13}.Debug|Any CPU.Build.0 = Debug|Any CPU
		{DA74B6F4-AFA7-47F2-B97D-E6A316F7FF13}.Debug|x64.ActiveCfg = Debug|Any CPU
		{DA74B6F4-AFA7-47F2-B97D-E6A316F7FF13}.Debug|x64.Build.0 = Debug|Any CPU
		{DA74B6F4-AFA7-47F2-B97D-E6A316F7FF13}.Debug|x86.ActiveCfg = Debug|Any CPU
		{DA74B6F4-AFA7-47F2-B97D-E6A316F7FF13}.Debug|x86.Build.0 = Debug|Any CPU
		{DA74B6F4-AFA7-47F2-B97D-E6A316F7FF13}.Release|Any CPU.ActiveCfg = Release|Any CPU
		{DA74B6F4-AFA7-47F2-B97D-E6A316F7FF13}.Release|Any CPU.Build.0 = Release|Any CPU
		{DA74B6F4-AFA7-47F2-B97D-E6A316F7FF13}.Release|x64.ActiveCfg = Release|Any CPU
		{DA74B6F4-AFA7-47F2-B97D-E6A316F7FF13}.Release|x64.Build.0 = Release|Any CPU
		{DA74B6F4-AFA7-47F2-B97D-E6A316F7FF13}.Release|x86.ActiveCfg = Release|Any CPU
		{DA74B6F4-AFA7-47F2-B97D-E6A316F7FF13}.Release|x86.Build.0 = Release|Any CPU
		{5F7A4950-506E-4482-81BD-8BFDA37A2969}.Debug|Any CPU.ActiveCfg = Debug|Any CPU
		{5F7A4950-506E-4482-81BD-8BFDA37A2969}.Debug|Any CPU.Build.0 = Debug|Any CPU
		{5F7A4950-506E-4482-81BD-8BFDA37A2969}.Debug|x64.ActiveCfg = Debug|Any CPU
		{5F7A4950-506E-4482-81BD-8BFDA37A2969}.Debug|x64.Build.0 = Debug|Any CPU
		{5F7A4950-506E-4482-81BD-8BFDA37A2969}.Debug|x86.ActiveCfg = Debug|Any CPU
		{5F7A4950-506E-4482-81BD-8BFDA37A2969}.Debug|x86.Build.0 = Debug|Any CPU
		{5F7A4950-506E-4482-81BD-8BFDA37A2969}.Release|Any CPU.ActiveCfg = Release|Any CPU
		{5F7A4950-506E-4482-81BD-8BFDA37A2969}.Release|Any CPU.Build.0 = Release|Any CPU
		{5F7A4950-506E-4482-81BD-8BFDA37A2969}.Release|x64.ActiveCfg = Release|Any CPU
		{5F7A4950-506E-4482-81BD-8BFDA37A2969}.Release|x64.Build.0 = Release|Any CPU
		{5F7A4950-506E-4482-81BD-8BFDA37A2969}.Release|x86.ActiveCfg = Release|Any CPU
		{5F7A4950-506E-4482-81BD-8BFDA37A2969}.Release|x86.Build.0 = Release|Any CPU
		{5F853F2C-75B7-44B8-AF25-120665BB55EC}.Debug|Any CPU.ActiveCfg = Debug|Any CPU
		{5F853F2C-75B7-44B8-AF25-120665BB55EC}.Debug|Any CPU.Build.0 = Debug|Any CPU
		{5F853F2C-75B7-44B8-AF25-120665BB55EC}.Debug|x64.ActiveCfg = Debug|Any CPU
		{5F853F2C-75B7-44B8-AF25-120665BB55EC}.Debug|x64.Build.0 = Debug|Any CPU
		{5F853F2C-75B7-44B8-AF25-120665BB55EC}.Debug|x86.ActiveCfg = Debug|Any CPU
		{5F853F2C-75B7-44B8-AF25-120665BB55EC}.Debug|x86.Build.0 = Debug|Any CPU
		{5F853F2C-75B7-44B8-AF25-120665BB55EC}.Release|Any CPU.ActiveCfg = Release|Any CPU
		{5F853F2C-75B7-44B8-AF25-120665BB55EC}.Release|Any CPU.Build.0 = Release|Any CPU
		{5F853F2C-75B7-44B8-AF25-120665BB55EC}.Release|x64.ActiveCfg = Release|Any CPU
		{5F853F2C-75B7-44B8-AF25-120665BB55EC}.Release|x64.Build.0 = Release|Any CPU
		{5F853F2C-75B7-44B8-AF25-120665BB55EC}.Release|x86.ActiveCfg = Release|Any CPU
		{5F853F2C-75B7-44B8-AF25-120665BB55EC}.Release|x86.Build.0 = Release|Any CPU
		{22F18DF1-D246-4568-9164-60948DBFD098}.Debug|Any CPU.ActiveCfg = Debug|Any CPU
		{22F18DF1-D246-4568-9164-60948DBFD098}.Debug|Any CPU.Build.0 = Debug|Any CPU
		{22F18DF1-D246-4568-9164-60948DBFD098}.Debug|x64.ActiveCfg = Debug|Any CPU
		{22F18DF1-D246-4568-9164-60948DBFD098}.Debug|x64.Build.0 = Debug|Any CPU
		{22F18DF1-D246-4568-9164-60948DBFD098}.Debug|x86.ActiveCfg = Debug|Any CPU
		{22F18DF1-D246-4568-9164-60948DBFD098}.Debug|x86.Build.0 = Debug|Any CPU
		{22F18DF1-D246-4568-9164-60948DBFD098}.Release|Any CPU.ActiveCfg = Release|Any CPU
		{22F18DF1-D246-4568-9164-60948DBFD098}.Release|Any CPU.Build.0 = Release|Any CPU
		{22F18DF1-D246-4568-9164-60948DBFD098}.Release|x64.ActiveCfg = Release|Any CPU
		{22F18DF1-D246-4568-9164-60948DBFD098}.Release|x64.Build.0 = Release|Any CPU
		{22F18DF1-D246-4568-9164-60948DBFD098}.Release|x86.ActiveCfg = Release|Any CPU
		{22F18DF1-D246-4568-9164-60948DBFD098}.Release|x86.Build.0 = Release|Any CPU
		{9C42D265-78D8-41A7-8DB8-F3A4E349E409}.Debug|Any CPU.ActiveCfg = Debug|Any CPU
		{9C42D265-78D8-41A7-8DB8-F3A4E349E409}.Debug|Any CPU.Build.0 = Debug|Any CPU
		{9C42D265-78D8-41A7-8DB8-F3A4E349E409}.Debug|x64.ActiveCfg = Debug|Any CPU
		{9C42D265-78D8-41A7-8DB8-F3A4E349E409}.Debug|x64.Build.0 = Debug|Any CPU
		{9C42D265-78D8-41A7-8DB8-F3A4E349E409}.Debug|x86.ActiveCfg = Debug|Any CPU
		{9C42D265-78D8-41A7-8DB8-F3A4E349E409}.Debug|x86.Build.0 = Debug|Any CPU
		{9C42D265-78D8-41A7-8DB8-F3A4E349E409}.Release|Any CPU.ActiveCfg = Release|Any CPU
		{9C42D265-78D8-41A7-8DB8-F3A4E349E409}.Release|Any CPU.Build.0 = Release|Any CPU
		{9C42D265-78D8-41A7-8DB8-F3A4E349E409}.Release|x64.ActiveCfg = Release|Any CPU
		{9C42D265-78D8-41A7-8DB8-F3A4E349E409}.Release|x64.Build.0 = Release|Any CPU
		{9C42D265-78D8-41A7-8DB8-F3A4E349E409}.Release|x86.ActiveCfg = Release|Any CPU
		{9C42D265-78D8-41A7-8DB8-F3A4E349E409}.Release|x86.Build.0 = Release|Any CPU
		{6EF1BE2F-B269-40EA-A53E-397A22FBB66A}.Debug|Any CPU.ActiveCfg = Debug|Any CPU
		{6EF1BE2F-B269-40EA-A53E-397A22FBB66A}.Debug|Any CPU.Build.0 = Debug|Any CPU
		{6EF1BE2F-B269-40EA-A53E-397A22FBB66A}.Debug|x64.ActiveCfg = Debug|Any CPU
		{6EF1BE2F-B269-40EA-A53E-397A22FBB66A}.Debug|x64.Build.0 = Debug|Any CPU
		{6EF1BE2F-B269-40EA-A53E-397A22FBB66A}.Debug|x86.ActiveCfg = Debug|Any CPU
		{6EF1BE2F-B269-40EA-A53E-397A22FBB66A}.Debug|x86.Build.0 = Debug|Any CPU
		{6EF1BE2F-B269-40EA-A53E-397A22FBB66A}.Release|Any CPU.ActiveCfg = Release|Any CPU
		{6EF1BE2F-B269-40EA-A53E-397A22FBB66A}.Release|Any CPU.Build.0 = Release|Any CPU
		{6EF1BE2F-B269-40EA-A53E-397A22FBB66A}.Release|x64.ActiveCfg = Release|Any CPU
		{6EF1BE2F-B269-40EA-A53E-397A22FBB66A}.Release|x64.Build.0 = Release|Any CPU
		{6EF1BE2F-B269-40EA-A53E-397A22FBB66A}.Release|x86.ActiveCfg = Release|Any CPU
		{6EF1BE2F-B269-40EA-A53E-397A22FBB66A}.Release|x86.Build.0 = Release|Any CPU
	EndGlobalSection
	GlobalSection(SolutionProperties) = preSolution
		HideSolutionNode = FALSE
	EndGlobalSection
	GlobalSection(NestedProjects) = preSolution
		{268DFB2C-4039-402B-86BE-C175E60DAF69} = {827E0CD3-B72D-47B6-A68D-7590B98EB39B}
		{804B1323-04B5-4AC4-ACE0-0A0CC6578E3C} = {827E0CD3-B72D-47B6-A68D-7590B98EB39B}
		{9A63FB55-C943-4DD1-ABFE-DFEAEA85CCF1} = {827E0CD3-B72D-47B6-A68D-7590B98EB39B}
		{DA74B6F4-AFA7-47F2-B97D-E6A316F7FF13} = {827E0CD3-B72D-47B6-A68D-7590B98EB39B}
		{5F7A4950-506E-4482-81BD-8BFDA37A2969} = {0AB3BF05-4346-4AA6-1389-037BE0695223}
		{5F853F2C-75B7-44B8-AF25-120665BB55EC} = {0AB3BF05-4346-4AA6-1389-037BE0695223}
		{22F18DF1-D246-4568-9164-60948DBFD098} = {0AB3BF05-4346-4AA6-1389-037BE0695223}
		{9C42D265-78D8-41A7-8DB8-F3A4E349E409} = {0AB3BF05-4346-4AA6-1389-037BE0695223}
		{6EF1BE2F-B269-40EA-A53E-397A22FBB66A} = {0AB3BF05-4346-4AA6-1389-037BE0695223}
	EndGlobalSection
EndGlobal
